
Microsoft Visual Studio Solution File, Format Version 12.00
# Visual Studio 15
Project("{FAE04EC0-301F-11D3-BF4B-00C04F79EFBC}") = "Assembly-CSharp", "Assembly-CSharp.csproj", "{F8FB078A-DA1A-884B-96C9-F21541F01BBC}"
EndProject
Project("{FAE04EC0-301F-11D3-BF4B-00C04F79EFBC}") = "Assembly-CSharp-firstpass", "Assembly-CSharp-firstpass.csproj", "{3819C93C-CE6B-39E2-C5E2-958A09BE5E00}"
EndProject
Project("{FAE04EC0-301F-11D3-BF4B-00C04F79EFBC}") = "Assembly-CSharp-Editor-firstpass", "Assembly-CSharp-Editor-firstpass.csproj", "{082A22AC-0443-368E-58D4-EEDC975DCFEE}"
EndProject
Global
	GlobalSection(SolutionConfigurationPlatforms) = preSolution
		Debug|Any CPU = Debug|Any CPU
		Release|Any CPU = Release|Any CPU
	EndGlobalSection
	GlobalSection(ProjectConfigurationPlatforms) = postSolution
		{F8FB078A-DA1A-884B-96C9-F21541F01BBC}.Debug|Any CPU.ActiveCfg = Debug|Any CPU
		{F8FB078A-DA1A-884B-96C9-F21541F01BBC}.Debug|Any CPU.Build.0 = Debug|Any CPU
		{F8FB078A-DA1A-884B-96C9-F21541F01BBC}.Release|Any CPU.ActiveCfg = Release|Any CPU
		{F8FB078A-DA1A-884B-96C9-F21541F01BBC}.Release|Any CPU.Build.0 = Release|Any CPU
		{3819C93C-CE6B-39E2-C5E2-958A09BE5E00}.Debug|Any CPU.ActiveCfg = Debug|Any CPU
		{3819C93C-CE6B-39E2-C5E2-958A09BE5E00}.Debug|Any CPU.Build.0 = Debug|Any CPU
		{3819C93C-CE6B-39E2-C5E2-958A09BE5E00}.Release|Any CPU.ActiveCfg = Release|Any CPU
		{3819C93C-CE6B-39E2-C5E2-958A09BE5E00}.Release|Any CPU.Build.0 = Release|Any CPU
		{082A22AC-0443-368E-58D4-EEDC975DCFEE}.Debug|Any CPU.ActiveCfg = Debug|Any CPU
		{082A22AC-0443-368E-58D4-EEDC975DCFEE}.Debug|Any CPU.Build.0 = Debug|Any CPU
		{082A22AC-0443-368E-58D4-EEDC975DCFEE}.Release|Any CPU.ActiveCfg = Release|Any CPU
		{082A22AC-0443-368E-58D4-EEDC975DCFEE}.Release|Any CPU.Build.0 = Release|Any CPU
	EndGlobalSection
	GlobalSection(SolutionProperties) = preSolution
		HideSolutionNode = FALSE
	EndGlobalSection
EndGlobal
